
Microsoft Visual Studio Solution File, Format Version 12.00
# Visual Studio Version 17
VisualStudioVersion = 17.8.34525.116
MinimumVisualStudioVersion = 10.0.40219.1
Project("{FAE04EC0-301F-11D3-BF4B-00C04F79EFBC}") = "TaskCat5", "TaskCat5\TaskCat5.csproj", "{EBD7C104-632C-4246-B126-5D966D78127D}"
EndProject
Global
	GlobalSection(SolutionConfigurationPlatforms) = preSolution
		Debug|Any CPU = Debug|Any CPU
		Release|Any CPU = Release|Any CPU
	EndGlobalSection
	GlobalSection(ProjectConfigurationPlatforms) = postSolution
		{EBD7C104-632C-4246-B126-5D966D78127D}.Debug|Any CPU.ActiveCfg = Debug|Any CPU
		{EBD7C104-632C-4246-B126-5D966D78127D}.Debug|Any CPU.Build.0 = Debug|Any CPU
		{EBD7C104-632C-4246-B126-5D966D78127D}.Release|Any CPU.ActiveCfg = Release|Any CPU
		{EBD7C104-632C-4246-B126-5D966D78127D}.Release|Any CPU.Build.0 = Release|Any CPU
	EndGlobalSection
	GlobalSection(SolutionProperties) = preSolution
		HideSolutionNode = FALSE
	EndGlobalSection
	GlobalSection(ExtensibilityGlobals) = postSolution
		SolutionGuid = {0C133B72-A989-40DC-BAC0-9D065ED5EFB6}
	EndGlobalSection
EndGlobal
